
Microsoft Visual Studio Solution File, Format Version 12.00
# Visual Studio Version 17
VisualStudioVersion = 17.0.32014.148
MinimumVisualStudioVersion = 10.0.40219.1
Project("{FAE04EC0-301F-11D3-BF4B-00C04F79EFBC}") = "HomeTask4", "HomeTask4\HomeTask4.csproj", "{F5AF69A0-9B9C-4F7F-B83A-D31090622D02}"
EndProject
Global
	GlobalSection(SolutionConfigurationPlatforms) = preSolution
		Debug|Any CPU = Debug|Any CPU
		Release|Any CPU = Release|Any CPU
	EndGlobalSection
	GlobalSection(ProjectConfigurationPlatforms) = postSolution
		{F5AF69A0-9B9C-4F7F-B83A-D31090622D02}.Debug|Any CPU.ActiveCfg = Debug|Any CPU
		{F5AF69A0-9B9C-4F7F-B83A-D31090622D02}.Debug|Any CPU.Build.0 = Debug|Any CPU
		{F5AF69A0-9B9C-4F7F-B83A-D31090622D02}.Release|Any CPU.ActiveCfg = Release|Any CPU
		{F5AF69A0-9B9C-4F7F-B83A-D31090622D02}.Release|Any CPU.Build.0 = Release|Any CPU
	EndGlobalSection
	GlobalSection(SolutionProperties) = preSolution
		HideSolutionNode = FALSE
	EndGlobalSection
	GlobalSection(ExtensibilityGlobals) = postSolution
		SolutionGuid = {9224CF5F-99E2-4139-AB6C-2D10F45BEC0F}
	EndGlobalSection
EndGlobal
